// !$*UTF8*$!
{
	archiveVersion = 1;
	classes = {
	};
	objectVersion = 50;
	objects = {

/* Begin PBXBuildFile section */
		3B31ABD420B5AD4800394C83 /* AppDelegate.swift in Sources */ = {isa = PBXBuildFile; fileRef = 3B31ABD320B5AD4800394C83 /* AppDelegate.swift */; };
		3B31ABD620B5AD4800394C83 /* HomeTableViewController.swift in Sources */ = {isa = PBXBuildFile; fileRef = 3B31ABD520B5AD4800394C83 /* HomeTableViewController.swift */; };
		3B31ABD920B5AD4800394C83 /* Main.storyboard in Resources */ = {isa = PBXBuildFile; fileRef = 3B31ABD720B5AD4800394C83 /* Main.storyboard */; };
		3B31ABDB20B5AD4C00394C83 /* Assets.xcassets in Resources */ = {isa = PBXBuildFile; fileRef = 3B31ABDA20B5AD4C00394C83 /* Assets.xcassets */; };
		3B31ABDE20B5AD4C00394C83 /* LaunchScreen.storyboard in Resources */ = {isa = PBXBuildFile; fileRef = 3B31ABDC20B5AD4C00394C83 /* LaunchScreen.storyboard */; };
		3B31ABE620B5B3B300394C83 /* Quote.swift in Sources */ = {isa = PBXBuildFile; fileRef = 3B31ABE520B5B3B300394C83 /* Quote.swift */; };
		3B31ABEA20B5B4F400394C83 /* QuoteBuilderViewController.swift in Sources */ = {isa = PBXBuildFile; fileRef = 3B31ABE920B5B4F400394C83 /* QuoteBuilderViewController.swift */; };
		3B31ABEC20B5B83700394C83 /* NetworkManager.swift in Sources */ = {isa = PBXBuildFile; fileRef = 3B31ABEB20B5B83700394C83 /* NetworkManager.swift */; };
		3B31ABEE20B5F38B00394C83 /* QuoteView.xib in Resources */ = {isa = PBXBuildFile; fileRef = 3B31ABED20B5F38B00394C83 /* QuoteView.xib */; };
		3B31ABF020B5F3AE00394C83 /* QuoteView.swift in Sources */ = {isa = PBXBuildFile; fileRef = 3B31ABEF20B5F3AE00394C83 /* QuoteView.swift */; };
		3B31ABF220B6237700394C83 /* QuoteTableViewCell.swift in Sources */ = {isa = PBXBuildFile; fileRef = 3B31ABF120B6237700394C83 /* QuoteTableViewCell.swift */; };
		9AA81624F4AE69BCBE0F9B24 /* Pods_Quote_Pro.framework in Frameworks */ = {isa = PBXBuildFile; fileRef = 974CB800AA985AA7CAA5E36E /* Pods_Quote_Pro.framework */; };
/* End PBXBuildFile section */

/* Begin PBXFileReference section */
		3B31ABD020B5AD4800394C83 /* Quote Pro.app */ = {isa = PBXFileReference; explicitFileType = wrapper.application; includeInIndex = 0; path = "Quote Pro.app"; sourceTree = BUILT_PRODUCTS_DIR; };
		3B31ABD320B5AD4800394C83 /* AppDelegate.swift */ = {isa = PBXFileReference; lastKnownFileType = sourcecode.swift; path = AppDelegate.swift; sourceTree = "<group>"; };
		3B31ABD520B5AD4800394C83 /* HomeTableViewController.swift */ = {isa = PBXFileReference; lastKnownFileType = sourcecode.swift; path = HomeTableViewController.swift; sourceTree = "<group>"; };
		3B31ABD820B5AD4800394C83 /* Base */ = {isa = PBXFileReference; lastKnownFileType = file.storyboard; name = Base; path = Base.lproj/Main.storyboard; sourceTree = "<group>"; };
		3B31ABDA20B5AD4C00394C83 /* Assets.xcassets */ = {isa = PBXFileReference; lastKnownFileType = folder.assetcatalog; path = Assets.xcassets; sourceTree = "<group>"; };
		3B31ABDD20B5AD4C00394C83 /* Base */ = {isa = PBXFileReference; lastKnownFileType = file.storyboard; name = Base; path = Base.lproj/LaunchScreen.storyboard; sourceTree = "<group>"; };
		3B31ABDF20B5AD4C00394C83 /* Info.plist */ = {isa = PBXFileReference; lastKnownFileType = text.plist.xml; path = Info.plist; sourceTree = "<group>"; };
		3B31ABE520B5B3B300394C83 /* Quote.swift */ = {isa = PBXFileReference; lastKnownFileType = sourcecode.swift; path = Quote.swift; sourceTree = "<group>"; };
		3B31ABE920B5B4F400394C83 /* QuoteBuilderViewController.swift */ = {isa = PBXFileReference; lastKnownFileType = sourcecode.swift; path = QuoteBuilderViewController.swift; sourceTree = "<group>"; };
		3B31ABEB20B5B83700394C83 /* NetworkManager.swift */ = {isa = PBXFileReference; lastKnownFileType = sourcecode.swift; path = NetworkManager.swift; sourceTree = "<group>"; };
		3B31ABED20B5F38B00394C83 /* QuoteView.xib */ = {isa = PBXFileReference; lastKnownFileType = file.xib; path = QuoteView.xib; sourceTree = "<group>"; };
		3B31ABEF20B5F3AE00394C83 /* QuoteView.swift */ = {isa = PBXFileReference; lastKnownFileType = sourcecode.swift; path = QuoteView.swift; sourceTree = "<group>"; };
		3B31ABF120B6237700394C83 /* QuoteTableViewCell.swift */ = {isa = PBXFileReference; lastKnownFileType = sourcecode.swift; path = QuoteTableViewCell.swift; sourceTree = "<group>"; };
		974CB800AA985AA7CAA5E36E /* Pods_Quote_Pro.framework */ = {isa = PBXFileReference; explicitFileType = wrapper.framework; includeInIndex = 0; path = Pods_Quote_Pro.framework; sourceTree = BUILT_PRODUCTS_DIR; };
		A61E8FB1FBCBD1D7AE249DDC /* Pods-Quote Pro.debug.xcconfig */ = {isa = PBXFileReference; includeInIndex = 1; lastKnownFileType = text.xcconfig; name = "Pods-Quote Pro.debug.xcconfig"; path = "Pods/Target Support Files/Pods-Quote Pro/Pods-Quote Pro.debug.xcconfig"; sourceTree = "<group>"; };
		F20F88FC539603E2B3729B3E /* Pods-Quote Pro.release.xcconfig */ = {isa = PBXFileReference; includeInIndex = 1; lastKnownFileType = text.xcconfig; name = "Pods-Quote Pro.release.xcconfig"; path = "Pods/Target Support Files/Pods-Quote Pro/Pods-Quote Pro.release.xcconfig"; sourceTree = "<group>"; };
/* End PBXFileReference section */

/* Begin PBXFrameworksBuildPhase section */
		3B31ABCD20B5AD4800394C83 /* Frameworks */ = {
			isa = PBXFrameworksBuildPhase;
			buildActionMask = 2147483647;
			files = (
				9AA81624F4AE69BCBE0F9B24 /* Pods_Quote_Pro.framework in Frameworks */,
			);
			runOnlyForDeploymentPostprocessing = 0;
		};
/* End PBXFrameworksBuildPhase section */

/* Begin PBXGroup section */
		3B31ABC720B5AD4800394C83 = {
			isa = PBXGroup;
			children = (
				3B31ABD220B5AD4800394C83 /* Quote Pro */,
				3B31ABD120B5AD4800394C83 /* Products */,
				B1CA13DC0D64CF677F4E8727 /* Pods */,
				91BBF7A6A61377EFDE75EA04 /* Frameworks */,
			);
			sourceTree = "<group>";
		};
		3B31ABD120B5AD4800394C83 /* Products */ = {
			isa = PBXGroup;
			children = (
				3B31ABD020B5AD4800394C83 /* Quote Pro.app */,
			);
			name = Products;
			sourceTree = "<group>";
		};
		3B31ABD220B5AD4800394C83 /* Quote Pro */ = {
			isa = PBXGroup;
			children = (
				3B31ABD320B5AD4800394C83 /* AppDelegate.swift */,
				3B31ABD520B5AD4800394C83 /* HomeTableViewController.swift */,
				3B31ABD720B5AD4800394C83 /* Main.storyboard */,
				3B31ABDA20B5AD4C00394C83 /* Assets.xcassets */,
				3B31ABDF20B5AD4C00394C83 /* Info.plist */,
				3B31ABE520B5B3B300394C83 /* Quote.swift */,
				3B31ABE920B5B4F400394C83 /* QuoteBuilderViewController.swift */,
				3B31ABEB20B5B83700394C83 /* NetworkManager.swift */,
				3B31ABDC20B5AD4C00394C83 /* LaunchScreen.storyboard */,
				3B31ABED20B5F38B00394C83 /* QuoteView.xib */,
				3B31ABEF20B5F3AE00394C83 /* QuoteView.swift */,
				3B31ABF120B6237700394C83 /* QuoteTableViewCell.swift */,
			);
			path = "Quote Pro";
			sourceTree = "<group>";
		};
		91BBF7A6A61377EFDE75EA04 /* Frameworks */ = {
			isa = PBXGroup;
			children = (
				974CB800AA985AA7CAA5E36E /* Pods_Quote_Pro.framework */,
			);
			name = Frameworks;
			sourceTree = "<group>";
		};
		B1CA13DC0D64CF677F4E8727 /* Pods */ = {
			isa = PBXGroup;
			children = (
				A61E8FB1FBCBD1D7AE249DDC /* Pods-Quote Pro.debug.xcconfig */,
				F20F88FC539603E2B3729B3E /* Pods-Quote Pro.release.xcconfig */,
			);
			name = Pods;
			sourceTree = "<group>";
		};
/* End PBXGroup section */

/* Begin PBXNativeTarget section */
		3B31ABCF20B5AD4800394C83 /* Quote Pro */ = {
			isa = PBXNativeTarget;
			buildConfigurationList = 3B31ABE220B5AD4C00394C83 /* Build configuration list for PBXNativeTarget "Quote Pro" */;
			buildPhases = (
				55942A9E20ADBB944C80B1F1 /* [CP] Check Pods Manifest.lock */,
				3B31ABCC20B5AD4800394C83 /* Sources */,
				3B31ABCD20B5AD4800394C83 /* Frameworks */,
				3B31ABCE20B5AD4800394C83 /* Resources */,
				B78F93D9D3501BD4372FD201 /* [CP] Embed Pods Frameworks */,
			);
			buildRules = (
			);
			dependencies = (
			);
			name = "Quote Pro";
			productName = "Quote Pro";
			productReference = 3B31ABD020B5AD4800394C83 /* Quote Pro.app */;
			productType = "com.apple.product-type.application";
		};
/* End PBXNativeTarget section */

/* Begin PBXProject section */
		3B31ABC820B5AD4800394C83 /* Project object */ = {
			isa = PBXProject;
			attributes = {
				LastSwiftUpdateCheck = 0930;
				LastUpgradeCheck = 0930;
				ORGANIZATIONNAME = "Colin Russell";
				TargetAttributes = {
					3B31ABCF20B5AD4800394C83 = {
						CreatedOnToolsVersion = 9.3.1;
					};
				};
			};
			buildConfigurationList = 3B31ABCB20B5AD4800394C83 /* Build configuration list for PBXProject "Quote Pro" */;
			compatibilityVersion = "Xcode 9.3";
			developmentRegion = en;
			hasScannedForEncodings = 0;
			knownRegions = (
				en,
				Base,
			);
			mainGroup = 3B31ABC720B5AD4800394C83;
			productRefGroup = 3B31ABD120B5AD4800394C83 /* Products */;
			projectDirPath = "";
			projectRoot = "";
			targets = (
				3B31ABCF20B5AD4800394C83 /* Quote Pro */,
			);
		};
/* End PBXProject section */

/* Begin PBXResourcesBuildPhase section */
		3B31ABCE20B5AD4800394C83 /* Resources */ = {
			isa = PBXResourcesBuildPhase;
			buildActionMask = 2147483647;
			files = (
				3B31ABDE20B5AD4C00394C83 /* LaunchScreen.storyboard in Resources */,
				3B31ABDB20B5AD4C00394C83 /* Assets.xcassets in Resources */,
				3B31ABD920B5AD4800394C83 /* Main.storyboard in Resources */,
				3B31ABEE20B5F38B00394C83 /* QuoteView.xib in Resources */,
			);
			runOnlyForDeploymentPostprocessing = 0;
		};
/* End PBXResourcesBuildPhase section */

/* Begin PBXShellScriptBuildPhase section */
		55942A9E20ADBB944C80B1F1 /* [CP] Check Pods Manifest.lock */ = {
			isa = PBXShellScriptBuildPhase;
			buildActionMask = 2147483647;
			files = (
			);
			inputPaths = (
				"${PODS_PODFILE_DIR_PATH}/Podfile.lock",
				"${PODS_ROOT}/Manifest.lock",
			);
			name = "[CP] Check Pods Manifest.lock";
			outputPaths = (
				"$(DERIVED_FILE_DIR)/Pods-Quote Pro-checkManifestLockResult.txt",
			);
			runOnlyForDeploymentPostprocessing = 0;
			shellPath = /bin/sh;
			shellScript = "diff \"${PODS_PODFILE_DIR_PATH}/Podfile.lock\" \"${PODS_ROOT}/Manifest.lock\" > /dev/null\nif [ $? != 0 ] ; then\n    # print error to STDERR\n    echo \"error: The sandbox is not in sync with the Podfile.lock. Run 'pod install' or update your CocoaPods installation.\" >&2\n    exit 1\nfi\n# This output is used by Xcode 'outputs' to avoid re-running this script phase.\necho \"SUCCESS\" > \"${SCRIPT_OUTPUT_FILE_0}\"\n";
			showEnvVarsInLog = 0;
		};
		B78F93D9D3501BD4372FD201 /* [CP] Embed Pods Frameworks */ = {
			isa = PBXShellScriptBuildPhase;
			buildActionMask = 2147483647;
			files = (
			);
			inputPaths = (
				"${SRCROOT}/Pods/Target Support Files/Pods-Quote Pro/Pods-Quote Pro-frameworks.sh",
				"${BUILT_PRODUCTS_DIR}/Nuke/Nuke.framework",
			);
			name = "[CP] Embed Pods Frameworks";
			outputPaths = (
				"${TARGET_BUILD_DIR}/${FRAMEWORKS_FOLDER_PATH}/Nuke.framework",
			);
			runOnlyForDeploymentPostprocessing = 0;
			shellPath = /bin/sh;
			shellScript = "\"${SRCROOT}/Pods/Target Support Files/Pods-Quote Pro/Pods-Quote Pro-frameworks.sh\"\n";
			showEnvVarsInLog = 0;
		};
/* End PBXShellScriptBuildPhase section */

/* Begin PBXSourcesBuildPhase section */
		3B31ABCC20B5AD4800394C83 /* Sources */ = {
			isa = PBXSourcesBuildPhase;
			buildActionMask = 2147483647;
			files = (
				3B31ABEC20B5B83700394C83 /* NetworkManager.swift in Sources */,
				3B31ABEA20B5B4F400394C83 /* QuoteBuilderViewController.swift in Sources */,
				3B31ABD620B5AD4800394C83 /* HomeTableViewController.swift in Sources */,
				3B31ABF020B5F3AE00394C83 /* QuoteView.swift in Sources */,
				3B31ABF220B6237700394C83 /* QuoteTableViewCell.swift in Sources */,
				3B31ABE620B5B3B300394C83 /* Quote.swift in Sources */,
				3B31ABD420B5AD4800394C83 /* AppDelegate.swift in Sources */,
			);
			runOnlyForDeploymentPostprocessing = 0;
		};
/* End PBXSourcesBuildPhase section */

/* Begin PBXVariantGroup section */
		3B31ABD720B5AD4800394C83 /* Main.storyboard */ = {
			isa = PBXVariantGroup;
			children = (
				3B31ABD820B5AD4800394C83 /* Base */,
			);
			name = Main.storyboard;
			sourceTree = "<group>";
		};
		3B31ABDC20B5AD4C00394C83 /* LaunchScreen.storyboard */ = {
			isa = PBXVariantGroup;
			children = (
				3B31ABDD20B5AD4C00394C83 /* Base */,
			);
			name = LaunchScreen.storyboard;
			sourceTree = "<group>";
		};
/* End PBXVariantGroup section */

/* Begin XCBuildConfiguration section */
		3B31ABE020B5AD4C00394C83 /* Debug */ = {
			isa = XCBuildConfiguration;
			buildSettings = {
				ALWAYS_SEARCH_USER_PATHS = NO;
				CLANG_ANALYZER_NONNULL = YES;
				CLANG_ANALYZER_NUMBER_OBJECT_CONVERSION = YES_AGGRESSIVE;
				CLANG_CXX_LANGUAGE_STANDARD = "gnu++14";
				CLANG_CXX_LIBRARY = "libc++";
				CLANG_ENABLE_MODULES = YES;
				CLANG_ENABLE_OBJC_ARC = YES;
				CLANG_ENABLE_OBJC_WEAK = YES;
				CLANG_WARN_BLOCK_CAPTURE_AUTORELEASING = YES;
				CLANG_WARN_BOOL_CONVERSION = YES;
				CLANG_WARN_COMMA = YES;
				CLANG_WARN_CONSTANT_CONVERSION = YES;
				CLANG_WARN_DEPRECATED_OBJC_IMPLEMENTATIONS = YES;
				CLANG_WARN_DIRECT_OBJC_ISA_USAGE = YES_ERROR;
				CLANG_WARN_DOCUMENTATION_COMMENTS = YES;
				CLANG_WARN_EMPTY_BODY = YES;
				CLANG_WARN_ENUM_CONVERSION = YES;
				CLANG_WARN_INFINITE_RECURSION = YES;
				CLANG_WARN_INT_CONVERSION = YES;
				CLANG_WARN_NON_LITERAL_NULL_CONVERSION = YES;
				CLANG_WARN_OBJC_IMPLICIT_RETAIN_SELF = YES;
				CLANG_WARN_OBJC_LITERAL_CONVERSION = YES;
				CLANG_WARN_OBJC_ROOT_CLASS = YES_ERROR;
				CLANG_WARN_RANGE_LOOP_ANALYSIS = YES;
				CLANG_WARN_STRICT_PROTOTYPES = YES;
				CLANG_WARN_SUSPICIOUS_MOVE = YES;
				CLANG_WARN_UNGUARDED_AVAILABILITY = YES_AGGRESSIVE;
				CLANG_WARN_UNREACHABLE_CODE = YES;
				CLANG_WARN__DUPLICATE_METHOD_MATCH = YES;
				CODE_SIGN_IDENTITY = "iPhone Developer";
				COPY_PHASE_STRIP = NO;
				DEBUG_INFORMATION_FORMAT = dwarf;
				ENABLE_STRICT_OBJC_MSGSEND = YES;
				ENABLE_TESTABILITY = YES;
				GCC_C_LANGUAGE_STANDARD = gnu11;
				GCC_DYNAMIC_NO_PIC = NO;
				GCC_NO_COMMON_BLOCKS = YES;
				GCC_OPTIMIZATION_LEVEL = 0;
				GCC_PREPROCESSOR_DEFINITIONS = (
					"DEBUG=1",
					"$(inherited)",
				);
				GCC_WARN_64_TO_32_BIT_CONVERSION = YES;
				GCC_WARN_ABOUT_RETURN_TYPE = YES_ERROR;
				GCC_WARN_UNDECLARED_SELECTOR = YES;
				GCC_WARN_UNINITIALIZED_AUTOS = YES_AGGRESSIVE;
				GCC_WARN_UNUSED_FUNCTION = YES;
				GCC_WARN_UNUSED_VARIABLE = YES;
				IPHONEOS_DEPLOYMENT_TARGET = 11.3;
				MTL_ENABLE_DEBUG_INFO = YES;
				ONLY_ACTIVE_ARCH = YES;
				SDKROOT = iphoneos;
				SWIFT_ACTIVE_COMPILATION_CONDITIONS = DEBUG;
				SWIFT_OPTIMIZATION_LEVEL = "-Onone";
			};
			name = Debug;
		};
		3B31ABE120B5AD4C00394C83 /* Release */ = {
			isa = XCBuildConfiguration;
			buildSettings = {
				ALWAYS_SEARCH_USER_PATHS = NO;
				CLANG_ANALYZER_NONNULL = YES;
				CLANG_ANALYZER_NUMBER_OBJECT_CONVERSION = YES_AGGRESSIVE;
				CLANG_CXX_LANGUAGE_STANDARD = "gnu++14";
				CLANG_CXX_LIBRARY = "libc++";
				CLANG_ENABLE_MODULES = YES;
				CLANG_ENABLE_OBJC_ARC = YES;
				CLANG_ENABLE_OBJC_WEAK = YES;
				CLANG_WARN_BLOCK_CAPTURE_AUTORELEASING = YES;
				CLANG_WARN_BOOL_CONVERSION = YES;
				CLANG_WARN_COMMA = YES;
				CLANG_WARN_CONSTANT_CONVERSION = YES;
				CLANG_WARN_DEPRECATED_OBJC_IMPLEMENTATIONS = YES;
				CLANG_WARN_DIRECT_OBJC_ISA_USAGE = YES_ERROR;
				CLANG_WARN_DOCUMENTATION_COMMENTS = YES;
				CLANG_WARN_EMPTY_BODY = YES;
				CLANG_WARN_ENUM_CONVERSION = YES;
				CLANG_WARN_INFINITE_RECURSION = YES;
				CLANG_WARN_INT_CONVERSION = YES;
				CLANG_WARN_NON_LITERAL_NULL_CONVERSION = YES;
				CLANG_WARN_OBJC_IMPLICIT_RETAIN_SELF = YES;
				CLANG_WARN_OBJC_LITERAL_CONVERSION = YES;
				CLANG_WARN_OBJC_ROOT_CLASS = YES_ERROR;
				CLANG_WARN_RANGE_LOOP_ANALYSIS = YES;
				CLANG_WARN_STRICT_PROTOTYPES = YES;
				CLANG_WARN_SUSPICIOUS_MOVE = YES;
				CLANG_WARN_UNGUARDED_AVAILABILITY = YES_AGGRESSIVE;
				CLANG_WARN_UNREACHABLE_CODE = YES;
				CLANG_WARN__DUPLICATE_METHOD_MATCH = YES;
				CODE_SIGN_IDENTITY = "iPhone Developer";
				COPY_PHASE_STRIP = NO;
				DEBUG_INFORMATION_FORMAT = "dwarf-with-dsym";
				ENABLE_NS_ASSERTIONS = NO;
				ENABLE_STRICT_OBJC_MSGSEND = YES;
				GCC_C_LANGUAGE_STANDARD = gnu11;
				GCC_NO_COMMON_BLOCKS = YES;
				GCC_WARN_64_TO_32_BIT_CONVERSION = YES;
				GCC_WARN_ABOUT_RETURN_TYPE = YES_ERROR;
				GCC_WARN_UNDECLARED_SELECTOR = YES;
				GCC_WARN_UNINITIALIZED_AUTOS = YES_AGGRESSIVE;
				GCC_WARN_UNUSED_FUNCTION = YES;
				GCC_WARN_UNUSED_VARIABLE = YES;
				IPHONEOS_DEPLOYMENT_TARGET = 11.3;
				MTL_ENABLE_DEBUG_INFO = NO;
				SDKROOT = iphoneos;
				SWIFT_COMPILATION_MODE = wholemodule;
				SWIFT_OPTIMIZATION_LEVEL = "-O";
				VALIDATE_PRODUCT = YES;
			};
			name = Release;
		};
		3B31ABE320B5AD4C00394C83 /* Debug */ = {
			isa = XCBuildConfiguration;
			baseConfigurationReference = A61E8FB1FBCBD1D7AE249DDC /* Pods-Quote Pro.debug.xcconfig */;
			buildSettings = {
				ASSETCATALOG_COMPILER_APPICON_NAME = AppIcon;
				CODE_SIGN_STYLE = Automatic;
				DEVELOPMENT_TEAM = 84BM2BTTA9;
				INFOPLIST_FILE = "Quote Pro/Info.plist";
				LD_RUNPATH_SEARCH_PATHS = (
					"$(inherited)",
					"@executable_path/Frameworks",
				);
				PRODUCT_BUNDLE_IDENTIFIER = "com.colinrussell.Quote-Pro";
				PRODUCT_NAME = "$(TARGET_NAME)";
				SWIFT_VERSION = 4.0;
				TARGETED_DEVICE_FAMILY = "1,2";
			};
			name = Debug;
		};
		3B31ABE420B5AD4C00394C83 /* Release */ = {
			isa = XCBuildConfiguration;
			baseConfigurationReference = F20F88FC539603E2B3729B3E /* Pods-Quote Pro.release.xcconfig */;
			buildSettings = {
				ASSETCATALOG_COMPILER_APPICON_NAME = AppIcon;
				CODE_SIGN_STYLE = Automatic;
				DEVELOPMENT_TEAM = 84BM2BTTA9;
				INFOPLIST_FILE = "Quote Pro/Info.plist";
				LD_RUNPATH_SEARCH_PATHS = (
					"$(inherited)",
					"@executable_path/Frameworks",
				);
				PRODUCT_BUNDLE_IDENTIFIER = "com.colinrussell.Quote-Pro";
				PRODUCT_NAME = "$(TARGET_NAME)";
				SWIFT_VERSION = 4.0;
				TARGETED_DEVICE_FAMILY = "1,2";
			};
			name = Release;
		};
/* End XCBuildConfiguration section */

/* Begin XCConfigurationList section */
		3B31ABCB20B5AD4800394C83 /* Build configuration list for PBXProject "Quote Pro" */ = {
			isa = XCConfigurationList;
			buildConfigurations = (
				3B31ABE020B5AD4C00394C83 /* Debug */,
				3B31ABE120B5AD4C00394C83 /* Release */,
			);
			defaultConfigurationIsVisible = 0;
			defaultConfigurationName = Release;
		};
		3B31ABE220B5AD4C00394C83 /* Build configuration list for PBXNativeTarget "Quote Pro" */ = {
			isa = XCConfigurationList;
			buildConfigurations = (
				3B31ABE320B5AD4C00394C83 /* Debug */,
				3B31ABE420B5AD4C00394C83 /* Release */,
			);
			defaultConfigurationIsVisible = 0;
			defaultConfigurationName = Release;
		};
/* End XCConfigurationList section */
	};
	rootObject = 3B31ABC820B5AD4800394C83 /* Project object */;
}
